
Microsoft Visual Studio Solution File, Format Version 12.00
# Visual Studio Version 16
VisualStudioVersion = 16.0.29009.5
MinimumVisualStudioVersion = 10.0.40219.1
Project("{FAE04EC0-301F-11D3-BF4B-00C04F79EFBC}") = "Rest-client", "Rest-client\Rest-client.csproj", "{E7135E92-A7A0-477D-80C0-075E61374B33}"
EndProject
Global
	GlobalSection(SolutionConfigurationPlatforms) = preSolution
		Debug|Any CPU = Debug|Any CPU
		Release|Any CPU = Release|Any CPU
	EndGlobalSection
	GlobalSection(ProjectConfigurationPlatforms) = postSolution
		{E7135E92-A7A0-477D-80C0-075E61374B33}.Debug|Any CPU.ActiveCfg = Debug|Any CPU
		{E7135E92-A7A0-477D-80C0-075E61374B33}.Debug|Any CPU.Build.0 = Debug|Any CPU
		{E7135E92-A7A0-477D-80C0-075E61374B33}.Release|Any CPU.ActiveCfg = Release|Any CPU
		{E7135E92-A7A0-477D-80C0-075E61374B33}.Release|Any CPU.Build.0 = Release|Any CPU
	EndGlobalSection
	GlobalSection(SolutionProperties) = preSolution
		HideSolutionNode = FALSE
	EndGlobalSection
	GlobalSection(ExtensibilityGlobals) = postSolution
		SolutionGuid = {2F963060-9ACA-407C-9AFF-7C349E2C1F9D}
	EndGlobalSection
EndGlobal
